
Microsoft Visual Studio Solution File, Format Version 12.00
# Visual Studio 14
VisualStudioVersion = 14.0.25123.0
MinimumVisualStudioVersion = 10.0.40219.1
Project("{FAE04EC0-301F-11D3-BF4B-00C04F79EFBC}") = "cs-libsvm", "cs-libsvm.csproj", "{CF48527C-327E-483F-B324-90BF53627782}"
EndProject
Project("{FAE04EC0-301F-11D3-BF4B-00C04F79EFBC}") = "cs-libsvm-samples", "..\cs-libsvm-samples\cs-libsvm-samples.csproj", "{5738EBCE-702D-49A8-9DC5-5B8B8FE904A1}"
EndProject
Global
	GlobalSection(SolutionConfigurationPlatforms) = preSolution
		Debug|Any CPU = Debug|Any CPU
		Release|Any CPU = Release|Any CPU
	EndGlobalSection
	GlobalSection(ProjectConfigurationPlatforms) = postSolution
		{CF48527C-327E-483F-B324-90BF53627782}.Debug|Any CPU.ActiveCfg = Debug|Any CPU
		{CF48527C-327E-483F-B324-90BF53627782}.Debug|Any CPU.Build.0 = Debug|Any CPU
		{CF48527C-327E-483F-B324-90BF53627782}.Release|Any CPU.ActiveCfg = Release|Any CPU
		{CF48527C-327E-483F-B324-90BF53627782}.Release|Any CPU.Build.0 = Release|Any CPU
		{5738EBCE-702D-49A8-9DC5-5B8B8FE904A1}.Debug|Any CPU.ActiveCfg = Debug|Any CPU
		{5738EBCE-702D-49A8-9DC5-5B8B8FE904A1}.Debug|Any CPU.Build.0 = Debug|Any CPU
		{5738EBCE-702D-49A8-9DC5-5B8B8FE904A1}.Release|Any CPU.ActiveCfg = Release|Any CPU
		{5738EBCE-702D-49A8-9DC5-5B8B8FE904A1}.Release|Any CPU.Build.0 = Release|Any CPU
	EndGlobalSection
	GlobalSection(SolutionProperties) = preSolution
		HideSolutionNode = FALSE
	EndGlobalSection
EndGlobal
